
Microsoft Visual Studio Solution File, Format Version 12.00
# Visual Studio 2012
Project("{FAE04EC0-301F-11D3-BF4B-00C04F79EFBC}") = "NodeJS", "NodeJS\NodeJS.csproj", "{784D3B14-6F45-4B98-A51B-10933592FDDD}"
EndProject
Project("{FAE04EC0-301F-11D3-BF4B-00C04F79EFBC}") = "Chapter2", "Chapter2\Chapter2.csproj", "{5DE7FA6D-9C62-4018-9879-B52BDF8394FE}"
EndProject
Project("{FAE04EC0-301F-11D3-BF4B-00C04F79EFBC}") = "TypescriptPlayground", "TypescriptPlayground\TypescriptPlayground.csproj", "{33814498-50DD-48EC-81B5-1AC62F8E1086}"
EndProject
Project("{FAE04EC0-301F-11D3-BF4B-00C04F79EFBC}") = "Chapter3", "Chapter3\Chapter3.csproj", "{E63C805C-FB1F-441A-9065-81AA21359768}"
EndProject
Global
	GlobalSection(SolutionConfigurationPlatforms) = preSolution
		Debug|Any CPU = Debug|Any CPU
		Release|Any CPU = Release|Any CPU
	EndGlobalSection
	GlobalSection(ProjectConfigurationPlatforms) = postSolution
		{784D3B14-6F45-4B98-A51B-10933592FDDD}.Debug|Any CPU.ActiveCfg = Debug|Any CPU
		{784D3B14-6F45-4B98-A51B-10933592FDDD}.Debug|Any CPU.Build.0 = Debug|Any CPU
		{784D3B14-6F45-4B98-A51B-10933592FDDD}.Release|Any CPU.ActiveCfg = Release|Any CPU
		{784D3B14-6F45-4B98-A51B-10933592FDDD}.Release|Any CPU.Build.0 = Release|Any CPU
		{5DE7FA6D-9C62-4018-9879-B52BDF8394FE}.Debug|Any CPU.ActiveCfg = Debug|Any CPU
		{5DE7FA6D-9C62-4018-9879-B52BDF8394FE}.Debug|Any CPU.Build.0 = Debug|Any CPU
		{5DE7FA6D-9C62-4018-9879-B52BDF8394FE}.Release|Any CPU.ActiveCfg = Release|Any CPU
		{5DE7FA6D-9C62-4018-9879-B52BDF8394FE}.Release|Any CPU.Build.0 = Release|Any CPU
		{33814498-50DD-48EC-81B5-1AC62F8E1086}.Debug|Any CPU.ActiveCfg = Debug|Any CPU
		{33814498-50DD-48EC-81B5-1AC62F8E1086}.Debug|Any CPU.Build.0 = Debug|Any CPU
		{33814498-50DD-48EC-81B5-1AC62F8E1086}.Release|Any CPU.ActiveCfg = Release|Any CPU
		{33814498-50DD-48EC-81B5-1AC62F8E1086}.Release|Any CPU.Build.0 = Release|Any CPU
		{E63C805C-FB1F-441A-9065-81AA21359768}.Debug|Any CPU.ActiveCfg = Debug|Any CPU
		{E63C805C-FB1F-441A-9065-81AA21359768}.Debug|Any CPU.Build.0 = Debug|Any CPU
		{E63C805C-FB1F-441A-9065-81AA21359768}.Release|Any CPU.ActiveCfg = Release|Any CPU
		{E63C805C-FB1F-441A-9065-81AA21359768}.Release|Any CPU.Build.0 = Release|Any CPU
	EndGlobalSection
	GlobalSection(SolutionProperties) = preSolution
		HideSolutionNode = FALSE
	EndGlobalSection
EndGlobal
